// !$*UTF8*$!
{
	archiveVersion = 1;
	classes = {
	};
	objectVersion = 50;
	objects = {

/* Begin PBXBuildFile section */
		3300B1AE21B8440300387228 /* AppDelegate.swift in Sources */ = {isa = PBXBuildFile; fileRef = 3300B1AD21B8440300387228 /* AppDelegate.swift */; };
		3300B1B021B8440300387228 /* ViewController.swift in Sources */ = {isa = PBXBuildFile; fileRef = 3300B1AF21B8440300387228 /* ViewController.swift */; };
		3300B1B321B8440300387228 /* Main.storyboard in Resources */ = {isa = PBXBuildFile; fileRef = 3300B1B121B8440300387228 /* Main.storyboard */; };
		3300B1B521B8440500387228 /* Assets.xcassets in Resources */ = {isa = PBXBuildFile; fileRef = 3300B1B421B8440500387228 /* Assets.xcassets */; };
		3300B1B821B8440500387228 /* LaunchScreen.storyboard in Resources */ = {isa = PBXBuildFile; fileRef = 3300B1B621B8440500387228 /* LaunchScreen.storyboard */; };
		3300B1C021B844A900387228 /* Monstruo.swift in Sources */ = {isa = PBXBuildFile; fileRef = 3300B1BF21B844A900387228 /* Monstruo.swift */; };
		3300B1C221B846B600387228 /* Heroe.swift in Sources */ = {isa = PBXBuildFile; fileRef = 3300B1C121B846B600387228 /* Heroe.swift */; };
		3300B1C421B8480900387228 /* Dungeon.swift in Sources */ = {isa = PBXBuildFile; fileRef = 3300B1C321B8480900387228 /* Dungeon.swift */; };
		3300B1C621B8491800387228 /* Inventario.swift in Sources */ = {isa = PBXBuildFile; fileRef = 3300B1C521B8491800387228 /* Inventario.swift */; };
		3300B1C821B8493E00387228 /* Item.swift in Sources */ = {isa = PBXBuildFile; fileRef = 3300B1C721B8493E00387228 /* Item.swift */; };
		3318856B21C180B00087817F /* Menu.swift in Sources */ = {isa = PBXBuildFile; fileRef = 3318856A21C180B00087817F /* Menu.swift */; };
		D91153A621C1963800850274 /* RoundButton.swift in Sources */ = {isa = PBXBuildFile; fileRef = D91153A521C1963800850274 /* RoundButton.swift */; };
/* End PBXBuildFile section */

/* Begin PBXFileReference section */
		3300B1AA21B8440300387228 /* Dungeon.app */ = {isa = PBXFileReference; explicitFileType = wrapper.application; includeInIndex = 0; path = Dungeon.app; sourceTree = BUILT_PRODUCTS_DIR; };
		3300B1AD21B8440300387228 /* AppDelegate.swift */ = {isa = PBXFileReference; lastKnownFileType = sourcecode.swift; path = AppDelegate.swift; sourceTree = "<group>"; };
		3300B1AF21B8440300387228 /* ViewController.swift */ = {isa = PBXFileReference; lastKnownFileType = sourcecode.swift; path = ViewController.swift; sourceTree = "<group>"; };
		3300B1B221B8440300387228 /* Base */ = {isa = PBXFileReference; lastKnownFileType = file.storyboard; name = Base; path = Base.lproj/Main.storyboard; sourceTree = "<group>"; };
		3300B1B421B8440500387228 /* Assets.xcassets */ = {isa = PBXFileReference; lastKnownFileType = folder.assetcatalog; path = Assets.xcassets; sourceTree = "<group>"; };
		3300B1B721B8440500387228 /* Base */ = {isa = PBXFileReference; lastKnownFileType = file.storyboard; name = Base; path = Base.lproj/LaunchScreen.storyboard; sourceTree = "<group>"; };
		3300B1B921B8440500387228 /* Info.plist */ = {isa = PBXFileReference; lastKnownFileType = text.plist.xml; path = Info.plist; sourceTree = "<group>"; };
		3300B1BF21B844A900387228 /* Monstruo.swift */ = {isa = PBXFileReference; lastKnownFileType = sourcecode.swift; path = Monstruo.swift; sourceTree = "<group>"; };
		3300B1C121B846B600387228 /* Heroe.swift */ = {isa = PBXFileReference; lastKnownFileType = sourcecode.swift; path = Heroe.swift; sourceTree = "<group>"; };
		3300B1C321B8480900387228 /* Dungeon.swift */ = {isa = PBXFileReference; lastKnownFileType = sourcecode.swift; path = Dungeon.swift; sourceTree = "<group>"; };
		3300B1C521B8491800387228 /* Inventario.swift */ = {isa = PBXFileReference; lastKnownFileType = sourcecode.swift; path = Inventario.swift; sourceTree = "<group>"; };
		3300B1C721B8493E00387228 /* Item.swift */ = {isa = PBXFileReference; lastKnownFileType = sourcecode.swift; path = Item.swift; sourceTree = "<group>"; };
		3318856A21C180B00087817F /* Menu.swift */ = {isa = PBXFileReference; lastKnownFileType = sourcecode.swift; path = Menu.swift; sourceTree = "<group>"; };
		D91153A521C1963800850274 /* RoundButton.swift */ = {isa = PBXFileReference; lastKnownFileType = sourcecode.swift; path = RoundButton.swift; sourceTree = "<group>"; };
/* End PBXFileReference section */

/* Begin PBXFrameworksBuildPhase section */
		3300B1A721B8440300387228 /* Frameworks */ = {
			isa = PBXFrameworksBuildPhase;
			buildActionMask = 2147483647;
			files = (
			);
			runOnlyForDeploymentPostprocessing = 0;
		};
/* End PBXFrameworksBuildPhase section */

/* Begin PBXGroup section */
		3300B1A121B8440300387228 = {
			isa = PBXGroup;
			children = (
				3300B1AC21B8440300387228 /* Dungeon */,
				3300B1AB21B8440300387228 /* Products */,
			);
			sourceTree = "<group>";
		};
		3300B1AB21B8440300387228 /* Products */ = {
			isa = PBXGroup;
			children = (
				3300B1AA21B8440300387228 /* Dungeon.app */,
			);
			name = Products;
			sourceTree = "<group>";
		};
		3300B1AC21B8440300387228 /* Dungeon */ = {
			isa = PBXGroup;
			children = (
				3300B1AD21B8440300387228 /* AppDelegate.swift */,
				3300B1AF21B8440300387228 /* ViewController.swift */,
				3300B1B121B8440300387228 /* Main.storyboard */,
				3300B1BF21B844A900387228 /* Monstruo.swift */,
				3300B1B421B8440500387228 /* Assets.xcassets */,
				3300B1B621B8440500387228 /* LaunchScreen.storyboard */,
				3300B1B921B8440500387228 /* Info.plist */,
				3300B1C121B846B600387228 /* Heroe.swift */,
				3300B1C321B8480900387228 /* Dungeon.swift */,
				3300B1C521B8491800387228 /* Inventario.swift */,
				3300B1C721B8493E00387228 /* Item.swift */,
				3318856A21C180B00087817F /* Menu.swift */,
				D91153A521C1963800850274 /* RoundButton.swift */,
			);
			path = Dungeon;
			sourceTree = "<group>";
		};
/* End PBXGroup section */

/* Begin PBXNativeTarget section */
		3300B1A921B8440300387228 /* Dungeon */ = {
			isa = PBXNativeTarget;
			buildConfigurationList = 3300B1BC21B8440500387228 /* Build configuration list for PBXNativeTarget "Dungeon" */;
			buildPhases = (
				3300B1A621B8440300387228 /* Sources */,
				3300B1A721B8440300387228 /* Frameworks */,
				3300B1A821B8440300387228 /* Resources */,
			);
			buildRules = (
			);
			dependencies = (
			);
			name = Dungeon;
			productName = Dungeon;
			productReference = 3300B1AA21B8440300387228 /* Dungeon.app */;
			productType = "com.apple.product-type.application";
		};
/* End PBXNativeTarget section */

/* Begin PBXProject section */
		3300B1A221B8440300387228 /* Project object */ = {
			isa = PBXProject;
			attributes = {
				LastSwiftUpdateCheck = 1010;
				LastUpgradeCheck = 1010;
				ORGANIZATIONNAME = DAM;
				TargetAttributes = {
					3300B1A921B8440300387228 = {
						CreatedOnToolsVersion = 10.1;
					};
				};
			};
			buildConfigurationList = 3300B1A521B8440300387228 /* Build configuration list for PBXProject "Dungeon" */;
			compatibilityVersion = "Xcode 9.3";
			developmentRegion = en;
			hasScannedForEncodings = 0;
			knownRegions = (
				en,
				Base,
			);
			mainGroup = 3300B1A121B8440300387228;
			productRefGroup = 3300B1AB21B8440300387228 /* Products */;
			projectDirPath = "";
			projectRoot = "";
			targets = (
				3300B1A921B8440300387228 /* Dungeon */,
			);
		};
/* End PBXProject section */

/* Begin PBXResourcesBuildPhase section */
		3300B1A821B8440300387228 /* Resources */ = {
			isa = PBXResourcesBuildPhase;
			buildActionMask = 2147483647;
			files = (
				3300B1B821B8440500387228 /* LaunchScreen.storyboard in Resources */,
				3300B1B521B8440500387228 /* Assets.xcassets in Resources */,
				3300B1B321B8440300387228 /* Main.storyboard in Resources */,
			);
			runOnlyForDeploymentPostprocessing = 0;
		};
/* End PBXResourcesBuildPhase section */

/* Begin PBXSourcesBuildPhase section */
		3300B1A621B8440300387228 /* Sources */ = {
			isa = PBXSourcesBuildPhase;
			buildActionMask = 2147483647;
			files = (
				D91153A621C1963800850274 /* RoundButton.swift in Sources */,
				3300B1C021B844A900387228 /* Monstruo.swift in Sources */,
				3300B1C221B846B600387228 /* Heroe.swift in Sources */,
				3318856B21C180B00087817F /* Menu.swift in Sources */,
				3300B1C421B8480900387228 /* Dungeon.swift in Sources */,
				3300B1B021B8440300387228 /* ViewController.swift in Sources */,
				3300B1C821B8493E00387228 /* Item.swift in Sources */,
				3300B1C621B8491800387228 /* Inventario.swift in Sources */,
				3300B1AE21B8440300387228 /* AppDelegate.swift in Sources */,
			);
			runOnlyForDeploymentPostprocessing = 0;
		};
/* End PBXSourcesBuildPhase section */

/* Begin PBXVariantGroup section */
		3300B1B121B8440300387228 /* Main.storyboard */ = {
			isa = PBXVariantGroup;
			children = (
				3300B1B221B8440300387228 /* Base */,
			);
			name = Main.storyboard;
			sourceTree = "<group>";
		};
		3300B1B621B8440500387228 /* LaunchScreen.storyboard */ = {
			isa = PBXVariantGroup;
			children = (
				3300B1B721B8440500387228 /* Base */,
			);
			name = LaunchScreen.storyboard;
			sourceTree = "<group>";
		};
/* End PBXVariantGroup section */

/* Begin XCBuildConfiguration section */
		3300B1BA21B8440500387228 /* Debug */ = {
			isa = XCBuildConfiguration;
			buildSettings = {
				ALWAYS_SEARCH_USER_PATHS = NO;
				CLANG_ANALYZER_NONNULL = YES;
				CLANG_ANALYZER_NUMBER_OBJECT_CONVERSION = YES_AGGRESSIVE;
				CLANG_CXX_LANGUAGE_STANDARD = "gnu++14";
				CLANG_CXX_LIBRARY = "libc++";
				CLANG_ENABLE_MODULES = YES;
				CLANG_ENABLE_OBJC_ARC = YES;
				CLANG_ENABLE_OBJC_WEAK = YES;
				CLANG_WARN_BLOCK_CAPTURE_AUTORELEASING = YES;
				CLANG_WARN_BOOL_CONVERSION = YES;
				CLANG_WARN_COMMA = YES;
				CLANG_WARN_CONSTANT_CONVERSION = YES;
				CLANG_WARN_DEPRECATED_OBJC_IMPLEMENTATIONS = YES;
				CLANG_WARN_DIRECT_OBJC_ISA_USAGE = YES_ERROR;
				CLANG_WARN_DOCUMENTATION_COMMENTS = YES;
				CLANG_WARN_EMPTY_BODY = YES;
				CLANG_WARN_ENUM_CONVERSION = YES;
				CLANG_WARN_INFINITE_RECURSION = YES;
				CLANG_WARN_INT_CONVERSION = YES;
				CLANG_WARN_NON_LITERAL_NULL_CONVERSION = YES;
				CLANG_WARN_OBJC_IMPLICIT_RETAIN_SELF = YES;
				CLANG_WARN_OBJC_LITERAL_CONVERSION = YES;
				CLANG_WARN_OBJC_ROOT_CLASS = YES_ERROR;
				CLANG_WARN_RANGE_LOOP_ANALYSIS = YES;
				CLANG_WARN_STRICT_PROTOTYPES = YES;
				CLANG_WARN_SUSPICIOUS_MOVE = YES;
				CLANG_WARN_UNGUARDED_AVAILABILITY = YES_AGGRESSIVE;
				CLANG_WARN_UNREACHABLE_CODE = YES;
				CLANG_WARN__DUPLICATE_METHOD_MATCH = YES;
				CODE_SIGN_IDENTITY = "iPhone Developer";
				COPY_PHASE_STRIP = NO;
				DEBUG_INFORMATION_FORMAT = dwarf;
				ENABLE_STRICT_OBJC_MSGSEND = YES;
				ENABLE_TESTABILITY = YES;
				GCC_C_LANGUAGE_STANDARD = gnu11;
				GCC_DYNAMIC_NO_PIC = NO;
				GCC_NO_COMMON_BLOCKS = YES;
				GCC_OPTIMIZATION_LEVEL = 0;
				GCC_PREPROCESSOR_DEFINITIONS = (
					"DEBUG=1",
					"$(inherited)",
				);
				GCC_WARN_64_TO_32_BIT_CONVERSION = YES;
				GCC_WARN_ABOUT_RETURN_TYPE = YES_ERROR;
				GCC_WARN_UNDECLARED_SELECTOR = YES;
				GCC_WARN_UNINITIALIZED_AUTOS = YES_AGGRESSIVE;
				GCC_WARN_UNUSED_FUNCTION = YES;
				GCC_WARN_UNUSED_VARIABLE = YES;
				IPHONEOS_DEPLOYMENT_TARGET = 12.1;
				MTL_ENABLE_DEBUG_INFO = INCLUDE_SOURCE;
				MTL_FAST_MATH = YES;
				ONLY_ACTIVE_ARCH = YES;
				SDKROOT = iphoneos;
				SWIFT_ACTIVE_COMPILATION_CONDITIONS = DEBUG;
				SWIFT_OPTIMIZATION_LEVEL = "-Onone";
			};
			name = Debug;
		};
		3300B1BB21B8440500387228 /* Release */ = {
			isa = XCBuildConfiguration;
			buildSettings = {
				ALWAYS_SEARCH_USER_PATHS = NO;
				CLANG_ANALYZER_NONNULL = YES;
				CLANG_ANALYZER_NUMBER_OBJECT_CONVERSION = YES_AGGRESSIVE;
				CLANG_CXX_LANGUAGE_STANDARD = "gnu++14";
				CLANG_CXX_LIBRARY = "libc++";
				CLANG_ENABLE_MODULES = YES;
				CLANG_ENABLE_OBJC_ARC = YES;
				CLANG_ENABLE_OBJC_WEAK = YES;
				CLANG_WARN_BLOCK_CAPTURE_AUTORELEASING = YES;
				CLANG_WARN_BOOL_CONVERSION = YES;
				CLANG_WARN_COMMA = YES;
				CLANG_WARN_CONSTANT_CONVERSION = YES;
				CLANG_WARN_DEPRECATED_OBJC_IMPLEMENTATIONS = YES;
				CLANG_WARN_DIRECT_OBJC_ISA_USAGE = YES_ERROR;
				CLANG_WARN_DOCUMENTATION_COMMENTS = YES;
				CLANG_WARN_EMPTY_BODY = YES;
				CLANG_WARN_ENUM_CONVERSION = YES;
				CLANG_WARN_INFINITE_RECURSION = YES;
				CLANG_WARN_INT_CONVERSION = YES;
				CLANG_WARN_NON_LITERAL_NULL_CONVERSION = YES;
				CLANG_WARN_OBJC_IMPLICIT_RETAIN_SELF = YES;
				CLANG_WARN_OBJC_LITERAL_CONVERSION = YES;
				CLANG_WARN_OBJC_ROOT_CLASS = YES_ERROR;
				CLANG_WARN_RANGE_LOOP_ANALYSIS = YES;
				CLANG_WARN_STRICT_PROTOTYPES = YES;
				CLANG_WARN_SUSPICIOUS_MOVE = YES;
				CLANG_WARN_UNGUARDED_AVAILABILITY = YES_AGGRESSIVE;
				CLANG_WARN_UNREACHABLE_CODE = YES;
				CLANG_WARN__DUPLICATE_METHOD_MATCH = YES;
				CODE_SIGN_IDENTITY = "iPhone Developer";
				COPY_PHASE_STRIP = NO;
				DEBUG_INFORMATION_FORMAT = "dwarf-with-dsym";
				ENABLE_NS_ASSERTIONS = NO;
				ENABLE_STRICT_OBJC_MSGSEND = YES;
				GCC_C_LANGUAGE_STANDARD = gnu11;
				GCC_NO_COMMON_BLOCKS = YES;
				GCC_WARN_64_TO_32_BIT_CONVERSION = YES;
				GCC_WARN_ABOUT_RETURN_TYPE = YES_ERROR;
				GCC_WARN_UNDECLARED_SELECTOR = YES;
				GCC_WARN_UNINITIALIZED_AUTOS = YES_AGGRESSIVE;
				GCC_WARN_UNUSED_FUNCTION = YES;
				GCC_WARN_UNUSED_VARIABLE = YES;
				IPHONEOS_DEPLOYMENT_TARGET = 12.1;
				MTL_ENABLE_DEBUG_INFO = NO;
				MTL_FAST_MATH = YES;
				SDKROOT = iphoneos;
				SWIFT_COMPILATION_MODE = wholemodule;
				SWIFT_OPTIMIZATION_LEVEL = "-O";
				VALIDATE_PRODUCT = YES;
			};
			name = Release;
		};
		3300B1BD21B8440500387228 /* Debug */ = {
			isa = XCBuildConfiguration;
			buildSettings = {
				ASSETCATALOG_COMPILER_APPICON_NAME = AppIcon;
				CODE_SIGN_STYLE = Automatic;
				INFOPLIST_FILE = Dungeon/Info.plist;
				LD_RUNPATH_SEARCH_PATHS = (
					"$(inherited)",
					"@executable_path/Frameworks",
				);
				PRODUCT_BUNDLE_IDENTIFIER = alin.Dungeon;
				PRODUCT_NAME = "$(TARGET_NAME)";
				SWIFT_VERSION = 4.2;
				TARGETED_DEVICE_FAMILY = "1,2";
			};
			name = Debug;
		};
		3300B1BE21B8440500387228 /* Release */ = {
			isa = XCBuildConfiguration;
			buildSettings = {
				ASSETCATALOG_COMPILER_APPICON_NAME = AppIcon;
				CODE_SIGN_STYLE = Automatic;
				INFOPLIST_FILE = Dungeon/Info.plist;
				LD_RUNPATH_SEARCH_PATHS = (
					"$(inherited)",
					"@executable_path/Frameworks",
				);
				PRODUCT_BUNDLE_IDENTIFIER = alin.Dungeon;
				PRODUCT_NAME = "$(TARGET_NAME)";
				SWIFT_VERSION = 4.2;
				TARGETED_DEVICE_FAMILY = "1,2";
			};
			name = Release;
		};
/* End XCBuildConfiguration section */

/* Begin XCConfigurationList section */
		3300B1A521B8440300387228 /* Build configuration list for PBXProject "Dungeon" */ = {
			isa = XCConfigurationList;
			buildConfigurations = (
				3300B1BA21B8440500387228 /* Debug */,
				3300B1BB21B8440500387228 /* Release */,
			);
			defaultConfigurationIsVisible = 0;
			defaultConfigurationName = Release;
		};
		3300B1BC21B8440500387228 /* Build configuration list for PBXNativeTarget "Dungeon" */ = {
			isa = XCConfigurationList;
			buildConfigurations = (
				3300B1BD21B8440500387228 /* Debug */,
				3300B1BE21B8440500387228 /* Release */,
			);
			defaultConfigurationIsVisible = 0;
			defaultConfigurationName = Release;
		};
/* End XCConfigurationList section */
	};
	rootObject = 3300B1A221B8440300387228 /* Project object */;
}
